
Microsoft Visual Studio Solution File, Format Version 12.00
# Visual Studio 15
Project("{FAE04EC0-301F-11D3-BF4B-00C04F79EFBC}") = "Assembly-CSharp", "Assembly-CSharp.csproj", "{1CE70721-D0E8-9FDE-C2F7-D468A3EE210D}"
EndProject
Project("{FAE04EC0-301F-11D3-BF4B-00C04F79EFBC}") = "spine-unity", "spine-unity.csproj", "{DD599EBD-134A-17D2-C058-5EC7D05A58B0}"
EndProject
Project("{FAE04EC0-301F-11D3-BF4B-00C04F79EFBC}") = "Wx", "Wx.csproj", "{3A3209FA-5F5E-606E-DF51-F35FBBDEC837}"
EndProject
Project("{FAE04EC0-301F-11D3-BF4B-00C04F79EFBC}") = "spine-csharp", "spine-csharp.csproj", "{BF30CC73-DA9B-3F90-5A18-A1D36EC17F5F}"
EndProject
Project("{FAE04EC0-301F-11D3-BF4B-00C04F79EFBC}") = "spine-unity-editor", "spine-unity-editor.csproj", "{3D8E3561-C795-E1CA-CEB4-E71BEF6354EE}"
EndProject
Project("{FAE04EC0-301F-11D3-BF4B-00C04F79EFBC}") = "WxEditor", "WxEditor.csproj", "{4459DF52-0676-53E6-D060-061CD2E6D782}"
EndProject
Global
	GlobalSection(SolutionConfigurationPlatforms) = preSolution
		Debug|Any CPU = Debug|Any CPU
		Release|Any CPU = Release|Any CPU
	EndGlobalSection
	GlobalSection(ProjectConfigurationPlatforms) = postSolution
		{1CE70721-D0E8-9FDE-C2F7-D468A3EE210D}.Debug|Any CPU.ActiveCfg = Debug|Any CPU
		{1CE70721-D0E8-9FDE-C2F7-D468A3EE210D}.Debug|Any CPU.Build.0 = Debug|Any CPU
		{1CE70721-D0E8-9FDE-C2F7-D468A3EE210D}.Release|Any CPU.ActiveCfg = Release|Any CPU
		{1CE70721-D0E8-9FDE-C2F7-D468A3EE210D}.Release|Any CPU.Build.0 = Release|Any CPU
		{DD599EBD-134A-17D2-C058-5EC7D05A58B0}.Debug|Any CPU.ActiveCfg = Debug|Any CPU
		{DD599EBD-134A-17D2-C058-5EC7D05A58B0}.Debug|Any CPU.Build.0 = Debug|Any CPU
		{DD599EBD-134A-17D2-C058-5EC7D05A58B0}.Release|Any CPU.ActiveCfg = Release|Any CPU
		{DD599EBD-134A-17D2-C058-5EC7D05A58B0}.Release|Any CPU.Build.0 = Release|Any CPU
		{3A3209FA-5F5E-606E-DF51-F35FBBDEC837}.Debug|Any CPU.ActiveCfg = Debug|Any CPU
		{3A3209FA-5F5E-606E-DF51-F35FBBDEC837}.Debug|Any CPU.Build.0 = Debug|Any CPU
		{3A3209FA-5F5E-606E-DF51-F35FBBDEC837}.Release|Any CPU.ActiveCfg = Release|Any CPU
		{3A3209FA-5F5E-606E-DF51-F35FBBDEC837}.Release|Any CPU.Build.0 = Release|Any CPU
		{BF30CC73-DA9B-3F90-5A18-A1D36EC17F5F}.Debug|Any CPU.ActiveCfg = Debug|Any CPU
		{BF30CC73-DA9B-3F90-5A18-A1D36EC17F5F}.Debug|Any CPU.Build.0 = Debug|Any CPU
		{BF30CC73-DA9B-3F90-5A18-A1D36EC17F5F}.Release|Any CPU.ActiveCfg = Release|Any CPU
		{BF30CC73-DA9B-3F90-5A18-A1D36EC17F5F}.Release|Any CPU.Build.0 = Release|Any CPU
		{3D8E3561-C795-E1CA-CEB4-E71BEF6354EE}.Debug|Any CPU.ActiveCfg = Debug|Any CPU
		{3D8E3561-C795-E1CA-CEB4-E71BEF6354EE}.Debug|Any CPU.Build.0 = Debug|Any CPU
		{3D8E3561-C795-E1CA-CEB4-E71BEF6354EE}.Release|Any CPU.ActiveCfg = Release|Any CPU
		{3D8E3561-C795-E1CA-CEB4-E71BEF6354EE}.Release|Any CPU.Build.0 = Release|Any CPU
		{4459DF52-0676-53E6-D060-061CD2E6D782}.Debug|Any CPU.ActiveCfg = Debug|Any CPU
		{4459DF52-0676-53E6-D060-061CD2E6D782}.Debug|Any CPU.Build.0 = Debug|Any CPU
		{4459DF52-0676-53E6-D060-061CD2E6D782}.Release|Any CPU.ActiveCfg = Release|Any CPU
		{4459DF52-0676-53E6-D060-061CD2E6D782}.Release|Any CPU.Build.0 = Release|Any CPU
	EndGlobalSection
	GlobalSection(SolutionProperties) = preSolution
		HideSolutionNode = FALSE
	EndGlobalSection
EndGlobal
