
Microsoft Visual Studio Solution File, Format Version 12.00
# Visual Studio 15
Project("{FAE04EC0-301F-11D3-BF4B-00C04F79EFBC}") = "UnityEngine.TestRunner", "UnityEngine.TestRunner.csproj", "{524688FC-5483-2F83-5402-C08986E12829}"
EndProject
Project("{FAE04EC0-301F-11D3-BF4B-00C04F79EFBC}") = "UnityEngine.UI", "UnityEngine.UI.csproj", "{D795A8A1-6898-C0F5-BDAE-8112D2014F8B}"
EndProject
Project("{FAE04EC0-301F-11D3-BF4B-00C04F79EFBC}") = "Unity.Mathematics", "Unity.Mathematics.csproj", "{5EBF2427-04D7-5ED5-1235-0FE7C2BE09CE}"
EndProject
Project("{FAE04EC0-301F-11D3-BF4B-00C04F79EFBC}") = "Assembly-CSharp", "Assembly-CSharp.csproj", "{1CE70721-D0E8-9FDE-C2F7-D468A3EE210D}"
EndProject
Project("{FAE04EC0-301F-11D3-BF4B-00C04F79EFBC}") = "Unity.Burst", "Unity.Burst.csproj", "{97F1DF8F-E761-10BF-D305-6121E2EB4EC2}"
EndProject
Project("{FAE04EC0-301F-11D3-BF4B-00C04F79EFBC}") = "Unity.TextMeshPro", "Unity.TextMeshPro.csproj", "{43DFEB8C-6E1E-4EE6-3782-2E130BC43FD9}"
EndProject
Project("{FAE04EC0-301F-11D3-BF4B-00C04F79EFBC}") = "spine-unity", "spine-unity.csproj", "{DD599EBD-134A-17D2-C058-5EC7D05A58B0}"
EndProject
Project("{FAE04EC0-301F-11D3-BF4B-00C04F79EFBC}") = "Unity.2D.Animation.Runtime", "Unity.2D.Animation.Runtime.csproj", "{A745B7AB-067A-AC2F-BE92-AE59FFE797A7}"
EndProject
Project("{FAE04EC0-301F-11D3-BF4B-00C04F79EFBC}") = "Unity.2D.Tilemap.Extras", "Unity.2D.Tilemap.Extras.csproj", "{F7F74079-BC17-14A2-A7E4-27C0033C2A5B}"
EndProject
Project("{FAE04EC0-301F-11D3-BF4B-00C04F79EFBC}") = "Unity.2D.IK.Runtime", "Unity.2D.IK.Runtime.csproj", "{7A24DB17-4989-9489-FDAC-A1B732935358}"
EndProject
Project("{FAE04EC0-301F-11D3-BF4B-00C04F79EFBC}") = "Wx", "Wx.csproj", "{3A3209FA-5F5E-606E-DF51-F35FBBDEC837}"
EndProject
Project("{FAE04EC0-301F-11D3-BF4B-00C04F79EFBC}") = "spine-csharp", "spine-csharp.csproj", "{BF30CC73-DA9B-3F90-5A18-A1D36EC17F5F}"
EndProject
Project("{FAE04EC0-301F-11D3-BF4B-00C04F79EFBC}") = "Unity.2D.SpriteShape.Runtime", "Unity.2D.SpriteShape.Runtime.csproj", "{67547C2D-625B-1D84-4B4C-2D5D1437BACB}"
EndProject
Project("{FAE04EC0-301F-11D3-BF4B-00C04F79EFBC}") = "Unity.2D.Common.Runtime", "Unity.2D.Common.Runtime.csproj", "{D33054A3-279D-B60B-6A86-912DAE948A42}"
EndProject
Project("{FAE04EC0-301F-11D3-BF4B-00C04F79EFBC}") = "Unity.2D.PixelPerfect", "Unity.2D.PixelPerfect.csproj", "{8F19572F-9FC6-E87B-1349-9F811EA89CDB}"
EndProject
Project("{FAE04EC0-301F-11D3-BF4B-00C04F79EFBC}") = "Unity.InternalAPIEngineBridge.001", "Unity.InternalAPIEngineBridge.001.csproj", "{EF3B7D46-7D7D-4EC7-9DB5-D21C8668C5E9}"
EndProject
Project("{FAE04EC0-301F-11D3-BF4B-00C04F79EFBC}") = "UnityEditor.TestRunner", "UnityEditor.TestRunner.csproj", "{26F4531F-DF3F-4A80-359A-54B392FB3EBC}"
EndProject
Project("{FAE04EC0-301F-11D3-BF4B-00C04F79EFBC}") = "Unity.2D.Psdimporter.Editor", "Unity.2D.Psdimporter.Editor.csproj", "{0A0A3B42-B8FF-FFC1-48E1-45145579EB97}"
EndProject
Project("{FAE04EC0-301F-11D3-BF4B-00C04F79EFBC}") = "Unity.2D.Aseprite.Editor", "Unity.2D.Aseprite.Editor.csproj", "{DC119861-88E9-693D-74B9-E27AA7C7F985}"
EndProject
Project("{FAE04EC0-301F-11D3-BF4B-00C04F79EFBC}") = "Unity.Burst.CodeGen", "Unity.Burst.CodeGen.csproj", "{4F946A01-242E-EAC3-AAA9-142EB04618F0}"
EndProject
Project("{FAE04EC0-301F-11D3-BF4B-00C04F79EFBC}") = "UnityEditor.UI", "UnityEditor.UI.csproj", "{E99E0D04-FD91-2373-2972-436809E3CEEF}"
EndProject
Project("{FAE04EC0-301F-11D3-BF4B-00C04F79EFBC}") = "Unity.VisualStudio.Editor", "Unity.VisualStudio.Editor.csproj", "{EDA12A4C-3798-7F41-D3D5-0DCCB8C5E017}"
EndProject
Project("{FAE04EC0-301F-11D3-BF4B-00C04F79EFBC}") = "Unity.2D.Animation.Editor", "Unity.2D.Animation.Editor.csproj", "{3C342840-AD8E-6607-A06A-8715B28D790A}"
EndProject
Project("{FAE04EC0-301F-11D3-BF4B-00C04F79EFBC}") = "Unity.TextMeshPro.Editor", "Unity.TextMeshPro.Editor.csproj", "{3FD19519-A7D7-6A67-8DB9-E1D3346127B6}"
EndProject
Project("{FAE04EC0-301F-11D3-BF4B-00C04F79EFBC}") = "Unity.Burst.Editor", "Unity.Burst.Editor.csproj", "{A648A94C-7013-6C23-8950-7D1518E46A75}"
EndProject
Project("{FAE04EC0-301F-11D3-BF4B-00C04F79EFBC}") = "Unity.2D.SpriteShape.Editor", "Unity.2D.SpriteShape.Editor.csproj", "{98995483-EB7C-0DB6-0E86-3DDE3D472CAC}"
EndProject
Project("{FAE04EC0-301F-11D3-BF4B-00C04F79EFBC}") = "Unity.2D.PixelPerfect.Editor", "Unity.2D.PixelPerfect.Editor.csproj", "{B4A13428-8D93-BE6A-61D4-E9B80E05F7E8}"
EndProject
Project("{FAE04EC0-301F-11D3-BF4B-00C04F79EFBC}") = "PsdPlugin", "PsdPlugin.csproj", "{8E6879D1-1C9A-8926-6746-FEB66F10B33C}"
EndProject
Project("{FAE04EC0-301F-11D3-BF4B-00C04F79EFBC}") = "Unity.2D.Tilemap.Editor", "Unity.2D.Tilemap.Editor.csproj", "{697AC4EE-9E2F-C9A2-6507-EB29FCAD5749}"
EndProject
Project("{FAE04EC0-301F-11D3-BF4B-00C04F79EFBC}") = "spine-unity-editor", "spine-unity-editor.csproj", "{3D8E3561-C795-E1CA-CEB4-E71BEF6354EE}"
EndProject
Project("{FAE04EC0-301F-11D3-BF4B-00C04F79EFBC}") = "Unity.2D.Path.Editor", "Unity.2D.Path.Editor.csproj", "{BBD911EC-A694-13C0-C6DF-A7C3CDD50C54}"
EndProject
Project("{FAE04EC0-301F-11D3-BF4B-00C04F79EFBC}") = "Unity.2D.Sprite.Editor", "Unity.2D.Sprite.Editor.csproj", "{3A3518C4-A2A8-1CD2-AE3B-536B8D3DE9A1}"
EndProject
Project("{FAE04EC0-301F-11D3-BF4B-00C04F79EFBC}") = "WxEditor", "WxEditor.csproj", "{4459DF52-0676-53E6-D060-061CD2E6D782}"
EndProject
Project("{FAE04EC0-301F-11D3-BF4B-00C04F79EFBC}") = "Unity.2D.IK.Editor", "Unity.2D.IK.Editor.csproj", "{55525182-D6B5-90B9-67D1-35C4E713147A}"
EndProject
Project("{FAE04EC0-301F-11D3-BF4B-00C04F79EFBC}") = "Unity.2D.Tilemap.Extras.Editor", "Unity.2D.Tilemap.Extras.Editor.csproj", "{F8F24E8A-F67A-ED22-7186-2E543300A83B}"
EndProject
Project("{FAE04EC0-301F-11D3-BF4B-00C04F79EFBC}") = "Unity.VSCode.Editor", "Unity.VSCode.Editor.csproj", "{586CDB21-A6A3-A88E-D139-0F9201EABE1E}"
EndProject
Project("{FAE04EC0-301F-11D3-BF4B-00C04F79EFBC}") = "Unity.2D.Aseprite.Common", "Unity.2D.Aseprite.Common.csproj", "{9EC16806-AB32-E33B-1E16-D3F493181D69}"
EndProject
Project("{FAE04EC0-301F-11D3-BF4B-00C04F79EFBC}") = "Unity.InternalAPIEditorBridge.001", "Unity.InternalAPIEditorBridge.001.csproj", "{D13BB15D-8CD9-E459-584E-37B56C0ABEA1}"
EndProject
Project("{FAE04EC0-301F-11D3-BF4B-00C04F79EFBC}") = "Unity.2D.Common.Editor", "Unity.2D.Common.Editor.csproj", "{58F42452-9631-2514-EE5C-AA02766C25C5}"
EndProject
Project("{FAE04EC0-301F-11D3-BF4B-00C04F79EFBC}") = "Unity.Mathematics.Editor", "Unity.Mathematics.Editor.csproj", "{9DC24FDB-8599-2AC7-D595-0F7B476A236E}"
EndProject
Global
	GlobalSection(SolutionConfigurationPlatforms) = preSolution
		Debug|Any CPU = Debug|Any CPU
		Release|Any CPU = Release|Any CPU
	EndGlobalSection
	GlobalSection(ProjectConfigurationPlatforms) = postSolution
		{524688FC-5483-2F83-5402-C08986E12829}.Debug|Any CPU.ActiveCfg = Debug|Any CPU
		{524688FC-5483-2F83-5402-C08986E12829}.Debug|Any CPU.Build.0 = Debug|Any CPU
		{524688FC-5483-2F83-5402-C08986E12829}.Release|Any CPU.ActiveCfg = Release|Any CPU
		{524688FC-5483-2F83-5402-C08986E12829}.Release|Any CPU.Build.0 = Release|Any CPU
		{D795A8A1-6898-C0F5-BDAE-8112D2014F8B}.Debug|Any CPU.ActiveCfg = Debug|Any CPU
		{D795A8A1-6898-C0F5-BDAE-8112D2014F8B}.Debug|Any CPU.Build.0 = Debug|Any CPU
		{D795A8A1-6898-C0F5-BDAE-8112D2014F8B}.Release|Any CPU.ActiveCfg = Release|Any CPU
		{D795A8A1-6898-C0F5-BDAE-8112D2014F8B}.Release|Any CPU.Build.0 = Release|Any CPU
		{5EBF2427-04D7-5ED5-1235-0FE7C2BE09CE}.Debug|Any CPU.ActiveCfg = Debug|Any CPU
		{5EBF2427-04D7-5ED5-1235-0FE7C2BE09CE}.Debug|Any CPU.Build.0 = Debug|Any CPU
		{5EBF2427-04D7-5ED5-1235-0FE7C2BE09CE}.Release|Any CPU.ActiveCfg = Release|Any CPU
		{5EBF2427-04D7-5ED5-1235-0FE7C2BE09CE}.Release|Any CPU.Build.0 = Release|Any CPU
		{1CE70721-D0E8-9FDE-C2F7-D468A3EE210D}.Debug|Any CPU.ActiveCfg = Debug|Any CPU
		{1CE70721-D0E8-9FDE-C2F7-D468A3EE210D}.Debug|Any CPU.Build.0 = Debug|Any CPU
		{1CE70721-D0E8-9FDE-C2F7-D468A3EE210D}.Release|Any CPU.ActiveCfg = Release|Any CPU
		{1CE70721-D0E8-9FDE-C2F7-D468A3EE210D}.Release|Any CPU.Build.0 = Release|Any CPU
		{97F1DF8F-E761-10BF-D305-6121E2EB4EC2}.Debug|Any CPU.ActiveCfg = Debug|Any CPU
		{97F1DF8F-E761-10BF-D305-6121E2EB4EC2}.Debug|Any CPU.Build.0 = Debug|Any CPU
		{97F1DF8F-E761-10BF-D305-6121E2EB4EC2}.Release|Any CPU.ActiveCfg = Release|Any CPU
		{97F1DF8F-E761-10BF-D305-6121E2EB4EC2}.Release|Any CPU.Build.0 = Release|Any CPU
		{43DFEB8C-6E1E-4EE6-3782-2E130BC43FD9}.Debug|Any CPU.ActiveCfg = Debug|Any CPU
		{43DFEB8C-6E1E-4EE6-3782-2E130BC43FD9}.Debug|Any CPU.Build.0 = Debug|Any CPU
		{43DFEB8C-6E1E-4EE6-3782-2E130BC43FD9}.Release|Any CPU.ActiveCfg = Release|Any CPU
		{43DFEB8C-6E1E-4EE6-3782-2E130BC43FD9}.Release|Any CPU.Build.0 = Release|Any CPU
		{DD599EBD-134A-17D2-C058-5EC7D05A58B0}.Debug|Any CPU.ActiveCfg = Debug|Any CPU
		{DD599EBD-134A-17D2-C058-5EC7D05A58B0}.Debug|Any CPU.Build.0 = Debug|Any CPU
		{DD599EBD-134A-17D2-C058-5EC7D05A58B0}.Release|Any CPU.ActiveCfg = Release|Any CPU
		{DD599EBD-134A-17D2-C058-5EC7D05A58B0}.Release|Any CPU.Build.0 = Release|Any CPU
		{A745B7AB-067A-AC2F-BE92-AE59FFE797A7}.Debug|Any CPU.ActiveCfg = Debug|Any CPU
		{A745B7AB-067A-AC2F-BE92-AE59FFE797A7}.Debug|Any CPU.Build.0 = Debug|Any CPU
		{A745B7AB-067A-AC2F-BE92-AE59FFE797A7}.Release|Any CPU.ActiveCfg = Release|Any CPU
		{A745B7AB-067A-AC2F-BE92-AE59FFE797A7}.Release|Any CPU.Build.0 = Release|Any CPU
		{F7F74079-BC17-14A2-A7E4-27C0033C2A5B}.Debug|Any CPU.ActiveCfg = Debug|Any CPU
		{F7F74079-BC17-14A2-A7E4-27C0033C2A5B}.Debug|Any CPU.Build.0 = Debug|Any CPU
		{F7F74079-BC17-14A2-A7E4-27C0033C2A5B}.Release|Any CPU.ActiveCfg = Release|Any CPU
		{F7F74079-BC17-14A2-A7E4-27C0033C2A5B}.Release|Any CPU.Build.0 = Release|Any CPU
		{7A24DB17-4989-9489-FDAC-A1B732935358}.Debug|Any CPU.ActiveCfg = Debug|Any CPU
		{7A24DB17-4989-9489-FDAC-A1B732935358}.Debug|Any CPU.Build.0 = Debug|Any CPU
		{7A24DB17-4989-9489-FDAC-A1B732935358}.Release|Any CPU.ActiveCfg = Release|Any CPU
		{7A24DB17-4989-9489-FDAC-A1B732935358}.Release|Any CPU.Build.0 = Release|Any CPU
		{3A3209FA-5F5E-606E-DF51-F35FBBDEC837}.Debug|Any CPU.ActiveCfg = Debug|Any CPU
		{3A3209FA-5F5E-606E-DF51-F35FBBDEC837}.Debug|Any CPU.Build.0 = Debug|Any CPU
		{3A3209FA-5F5E-606E-DF51-F35FBBDEC837}.Release|Any CPU.ActiveCfg = Release|Any CPU
		{3A3209FA-5F5E-606E-DF51-F35FBBDEC837}.Release|Any CPU.Build.0 = Release|Any CPU
		{BF30CC73-DA9B-3F90-5A18-A1D36EC17F5F}.Debug|Any CPU.ActiveCfg = Debug|Any CPU
		{BF30CC73-DA9B-3F90-5A18-A1D36EC17F5F}.Debug|Any CPU.Build.0 = Debug|Any CPU
		{BF30CC73-DA9B-3F90-5A18-A1D36EC17F5F}.Release|Any CPU.ActiveCfg = Release|Any CPU
		{BF30CC73-DA9B-3F90-5A18-A1D36EC17F5F}.Release|Any CPU.Build.0 = Release|Any CPU
		{67547C2D-625B-1D84-4B4C-2D5D1437BACB}.Debug|Any CPU.ActiveCfg = Debug|Any CPU
		{67547C2D-625B-1D84-4B4C-2D5D1437BACB}.Debug|Any CPU.Build.0 = Debug|Any CPU
		{67547C2D-625B-1D84-4B4C-2D5D1437BACB}.Release|Any CPU.ActiveCfg = Release|Any CPU
		{67547C2D-625B-1D84-4B4C-2D5D1437BACB}.Release|Any CPU.Build.0 = Release|Any CPU
		{D33054A3-279D-B60B-6A86-912DAE948A42}.Debug|Any CPU.ActiveCfg = Debug|Any CPU
		{D33054A3-279D-B60B-6A86-912DAE948A42}.Debug|Any CPU.Build.0 = Debug|Any CPU
		{D33054A3-279D-B60B-6A86-912DAE948A42}.Release|Any CPU.ActiveCfg = Release|Any CPU
		{D33054A3-279D-B60B-6A86-912DAE948A42}.Release|Any CPU.Build.0 = Release|Any CPU
		{8F19572F-9FC6-E87B-1349-9F811EA89CDB}.Debug|Any CPU.ActiveCfg = Debug|Any CPU
		{8F19572F-9FC6-E87B-1349-9F811EA89CDB}.Debug|Any CPU.Build.0 = Debug|Any CPU
		{8F19572F-9FC6-E87B-1349-9F811EA89CDB}.Release|Any CPU.ActiveCfg = Release|Any CPU
		{8F19572F-9FC6-E87B-1349-9F811EA89CDB}.Release|Any CPU.Build.0 = Release|Any CPU
		{EF3B7D46-7D7D-4EC7-9DB5-D21C8668C5E9}.Debug|Any CPU.ActiveCfg = Debug|Any CPU
		{EF3B7D46-7D7D-4EC7-9DB5-D21C8668C5E9}.Debug|Any CPU.Build.0 = Debug|Any CPU
		{EF3B7D46-7D7D-4EC7-9DB5-D21C8668C5E9}.Release|Any CPU.ActiveCfg = Release|Any CPU
		{EF3B7D46-7D7D-4EC7-9DB5-D21C8668C5E9}.Release|Any CPU.Build.0 = Release|Any CPU
		{26F4531F-DF3F-4A80-359A-54B392FB3EBC}.Debug|Any CPU.ActiveCfg = Debug|Any CPU
		{26F4531F-DF3F-4A80-359A-54B392FB3EBC}.Debug|Any CPU.Build.0 = Debug|Any CPU
		{26F4531F-DF3F-4A80-359A-54B392FB3EBC}.Release|Any CPU.ActiveCfg = Release|Any CPU
		{26F4531F-DF3F-4A80-359A-54B392FB3EBC}.Release|Any CPU.Build.0 = Release|Any CPU
		{0A0A3B42-B8FF-FFC1-48E1-45145579EB97}.Debug|Any CPU.ActiveCfg = Debug|Any CPU
		{0A0A3B42-B8FF-FFC1-48E1-45145579EB97}.Debug|Any CPU.Build.0 = Debug|Any CPU
		{0A0A3B42-B8FF-FFC1-48E1-45145579EB97}.Release|Any CPU.ActiveCfg = Release|Any CPU
		{0A0A3B42-B8FF-FFC1-48E1-45145579EB97}.Release|Any CPU.Build.0 = Release|Any CPU
		{DC119861-88E9-693D-74B9-E27AA7C7F985}.Debug|Any CPU.ActiveCfg = Debug|Any CPU
		{DC119861-88E9-693D-74B9-E27AA7C7F985}.Debug|Any CPU.Build.0 = Debug|Any CPU
		{DC119861-88E9-693D-74B9-E27AA7C7F985}.Release|Any CPU.ActiveCfg = Release|Any CPU
		{DC119861-88E9-693D-74B9-E27AA7C7F985}.Release|Any CPU.Build.0 = Release|Any CPU
		{4F946A01-242E-EAC3-AAA9-142EB04618F0}.Debug|Any CPU.ActiveCfg = Debug|Any CPU
		{4F946A01-242E-EAC3-AAA9-142EB04618F0}.Debug|Any CPU.Build.0 = Debug|Any CPU
		{4F946A01-242E-EAC3-AAA9-142EB04618F0}.Release|Any CPU.ActiveCfg = Release|Any CPU
		{4F946A01-242E-EAC3-AAA9-142EB04618F0}.Release|Any CPU.Build.0 = Release|Any CPU
		{E99E0D04-FD91-2373-2972-436809E3CEEF}.Debug|Any CPU.ActiveCfg = Debug|Any CPU
		{E99E0D04-FD91-2373-2972-436809E3CEEF}.Debug|Any CPU.Build.0 = Debug|Any CPU
		{E99E0D04-FD91-2373-2972-436809E3CEEF}.Release|Any CPU.ActiveCfg = Release|Any CPU
		{E99E0D04-FD91-2373-2972-436809E3CEEF}.Release|Any CPU.Build.0 = Release|Any CPU
		{EDA12A4C-3798-7F41-D3D5-0DCCB8C5E017}.Debug|Any CPU.ActiveCfg = Debug|Any CPU
		{EDA12A4C-3798-7F41-D3D5-0DCCB8C5E017}.Debug|Any CPU.Build.0 = Debug|Any CPU
		{EDA12A4C-3798-7F41-D3D5-0DCCB8C5E017}.Release|Any CPU.ActiveCfg = Release|Any CPU
		{EDA12A4C-3798-7F41-D3D5-0DCCB8C5E017}.Release|Any CPU.Build.0 = Release|Any CPU
		{3C342840-AD8E-6607-A06A-8715B28D790A}.Debug|Any CPU.ActiveCfg = Debug|Any CPU
		{3C342840-AD8E-6607-A06A-8715B28D790A}.Debug|Any CPU.Build.0 = Debug|Any CPU
		{3C342840-AD8E-6607-A06A-8715B28D790A}.Release|Any CPU.ActiveCfg = Release|Any CPU
		{3C342840-AD8E-6607-A06A-8715B28D790A}.Release|Any CPU.Build.0 = Release|Any CPU
		{3FD19519-A7D7-6A67-8DB9-E1D3346127B6}.Debug|Any CPU.ActiveCfg = Debug|Any CPU
		{3FD19519-A7D7-6A67-8DB9-E1D3346127B6}.Debug|Any CPU.Build.0 = Debug|Any CPU
		{3FD19519-A7D7-6A67-8DB9-E1D3346127B6}.Release|Any CPU.ActiveCfg = Release|Any CPU
		{3FD19519-A7D7-6A67-8DB9-E1D3346127B6}.Release|Any CPU.Build.0 = Release|Any CPU
		{A648A94C-7013-6C23-8950-7D1518E46A75}.Debug|Any CPU.ActiveCfg = Debug|Any CPU
		{A648A94C-7013-6C23-8950-7D1518E46A75}.Debug|Any CPU.Build.0 = Debug|Any CPU
		{A648A94C-7013-6C23-8950-7D1518E46A75}.Release|Any CPU.ActiveCfg = Release|Any CPU
		{A648A94C-7013-6C23-8950-7D1518E46A75}.Release|Any CPU.Build.0 = Release|Any CPU
		{98995483-EB7C-0DB6-0E86-3DDE3D472CAC}.Debug|Any CPU.ActiveCfg = Debug|Any CPU
		{98995483-EB7C-0DB6-0E86-3DDE3D472CAC}.Debug|Any CPU.Build.0 = Debug|Any CPU
		{98995483-EB7C-0DB6-0E86-3DDE3D472CAC}.Release|Any CPU.ActiveCfg = Release|Any CPU
		{98995483-EB7C-0DB6-0E86-3DDE3D472CAC}.Release|Any CPU.Build.0 = Release|Any CPU
		{B4A13428-8D93-BE6A-61D4-E9B80E05F7E8}.Debug|Any CPU.ActiveCfg = Debug|Any CPU
		{B4A13428-8D93-BE6A-61D4-E9B80E05F7E8}.Debug|Any CPU.Build.0 = Debug|Any CPU
		{B4A13428-8D93-BE6A-61D4-E9B80E05F7E8}.Release|Any CPU.ActiveCfg = Release|Any CPU
		{B4A13428-8D93-BE6A-61D4-E9B80E05F7E8}.Release|Any CPU.Build.0 = Release|Any CPU
		{8E6879D1-1C9A-8926-6746-FEB66F10B33C}.Debug|Any CPU.ActiveCfg = Debug|Any CPU
		{8E6879D1-1C9A-8926-6746-FEB66F10B33C}.Debug|Any CPU.Build.0 = Debug|Any CPU
		{8E6879D1-1C9A-8926-6746-FEB66F10B33C}.Release|Any CPU.ActiveCfg = Release|Any CPU
		{8E6879D1-1C9A-8926-6746-FEB66F10B33C}.Release|Any CPU.Build.0 = Release|Any CPU
		{697AC4EE-9E2F-C9A2-6507-EB29FCAD5749}.Debug|Any CPU.ActiveCfg = Debug|Any CPU
		{697AC4EE-9E2F-C9A2-6507-EB29FCAD5749}.Debug|Any CPU.Build.0 = Debug|Any CPU
		{697AC4EE-9E2F-C9A2-6507-EB29FCAD5749}.Release|Any CPU.ActiveCfg = Release|Any CPU
		{697AC4EE-9E2F-C9A2-6507-EB29FCAD5749}.Release|Any CPU.Build.0 = Release|Any CPU
		{3D8E3561-C795-E1CA-CEB4-E71BEF6354EE}.Debug|Any CPU.ActiveCfg = Debug|Any CPU
		{3D8E3561-C795-E1CA-CEB4-E71BEF6354EE}.Debug|Any CPU.Build.0 = Debug|Any CPU
		{3D8E3561-C795-E1CA-CEB4-E71BEF6354EE}.Release|Any CPU.ActiveCfg = Release|Any CPU
		{3D8E3561-C795-E1CA-CEB4-E71BEF6354EE}.Release|Any CPU.Build.0 = Release|Any CPU
		{BBD911EC-A694-13C0-C6DF-A7C3CDD50C54}.Debug|Any CPU.ActiveCfg = Debug|Any CPU
		{BBD911EC-A694-13C0-C6DF-A7C3CDD50C54}.Debug|Any CPU.Build.0 = Debug|Any CPU
		{BBD911EC-A694-13C0-C6DF-A7C3CDD50C54}.Release|Any CPU.ActiveCfg = Release|Any CPU
		{BBD911EC-A694-13C0-C6DF-A7C3CDD50C54}.Release|Any CPU.Build.0 = Release|Any CPU
		{3A3518C4-A2A8-1CD2-AE3B-536B8D3DE9A1}.Debug|Any CPU.ActiveCfg = Debug|Any CPU
		{3A3518C4-A2A8-1CD2-AE3B-536B8D3DE9A1}.Debug|Any CPU.Build.0 = Debug|Any CPU
		{3A3518C4-A2A8-1CD2-AE3B-536B8D3DE9A1}.Release|Any CPU.ActiveCfg = Release|Any CPU
		{3A3518C4-A2A8-1CD2-AE3B-536B8D3DE9A1}.Release|Any CPU.Build.0 = Release|Any CPU
		{4459DF52-0676-53E6-D060-061CD2E6D782}.Debug|Any CPU.ActiveCfg = Debug|Any CPU
		{4459DF52-0676-53E6-D060-061CD2E6D782}.Debug|Any CPU.Build.0 = Debug|Any CPU
		{4459DF52-0676-53E6-D060-061CD2E6D782}.Release|Any CPU.ActiveCfg = Release|Any CPU
		{4459DF52-0676-53E6-D060-061CD2E6D782}.Release|Any CPU.Build.0 = Release|Any CPU
		{55525182-D6B5-90B9-67D1-35C4E713147A}.Debug|Any CPU.ActiveCfg = Debug|Any CPU
		{55525182-D6B5-90B9-67D1-35C4E713147A}.Debug|Any CPU.Build.0 = Debug|Any CPU
		{55525182-D6B5-90B9-67D1-35C4E713147A}.Release|Any CPU.ActiveCfg = Release|Any CPU
		{55525182-D6B5-90B9-67D1-35C4E713147A}.Release|Any CPU.Build.0 = Release|Any CPU
		{F8F24E8A-F67A-ED22-7186-2E543300A83B}.Debug|Any CPU.ActiveCfg = Debug|Any CPU
		{F8F24E8A-F67A-ED22-7186-2E543300A83B}.Debug|Any CPU.Build.0 = Debug|Any CPU
		{F8F24E8A-F67A-ED22-7186-2E543300A83B}.Release|Any CPU.ActiveCfg = Release|Any CPU
		{F8F24E8A-F67A-ED22-7186-2E543300A83B}.Release|Any CPU.Build.0 = Release|Any CPU
		{586CDB21-A6A3-A88E-D139-0F9201EABE1E}.Debug|Any CPU.ActiveCfg = Debug|Any CPU
		{586CDB21-A6A3-A88E-D139-0F9201EABE1E}.Debug|Any CPU.Build.0 = Debug|Any CPU
		{586CDB21-A6A3-A88E-D139-0F9201EABE1E}.Release|Any CPU.ActiveCfg = Release|Any CPU
		{586CDB21-A6A3-A88E-D139-0F9201EABE1E}.Release|Any CPU.Build.0 = Release|Any CPU
		{9EC16806-AB32-E33B-1E16-D3F493181D69}.Debug|Any CPU.ActiveCfg = Debug|Any CPU
		{9EC16806-AB32-E33B-1E16-D3F493181D69}.Debug|Any CPU.Build.0 = Debug|Any CPU
		{9EC16806-AB32-E33B-1E16-D3F493181D69}.Release|Any CPU.ActiveCfg = Release|Any CPU
		{9EC16806-AB32-E33B-1E16-D3F493181D69}.Release|Any CPU.Build.0 = Release|Any CPU
		{D13BB15D-8CD9-E459-584E-37B56C0ABEA1}.Debug|Any CPU.ActiveCfg = Debug|Any CPU
		{D13BB15D-8CD9-E459-584E-37B56C0ABEA1}.Debug|Any CPU.Build.0 = Debug|Any CPU
		{D13BB15D-8CD9-E459-584E-37B56C0ABEA1}.Release|Any CPU.ActiveCfg = Release|Any CPU
		{D13BB15D-8CD9-E459-584E-37B56C0ABEA1}.Release|Any CPU.Build.0 = Release|Any CPU
		{58F42452-9631-2514-EE5C-AA02766C25C5}.Debug|Any CPU.ActiveCfg = Debug|Any CPU
		{58F42452-9631-2514-EE5C-AA02766C25C5}.Debug|Any CPU.Build.0 = Debug|Any CPU
		{58F42452-9631-2514-EE5C-AA02766C25C5}.Release|Any CPU.ActiveCfg = Release|Any CPU
		{58F42452-9631-2514-EE5C-AA02766C25C5}.Release|Any CPU.Build.0 = Release|Any CPU
		{9DC24FDB-8599-2AC7-D595-0F7B476A236E}.Debug|Any CPU.ActiveCfg = Debug|Any CPU
		{9DC24FDB-8599-2AC7-D595-0F7B476A236E}.Debug|Any CPU.Build.0 = Debug|Any CPU
		{9DC24FDB-8599-2AC7-D595-0F7B476A236E}.Release|Any CPU.ActiveCfg = Release|Any CPU
		{9DC24FDB-8599-2AC7-D595-0F7B476A236E}.Release|Any CPU.Build.0 = Release|Any CPU
	EndGlobalSection
	GlobalSection(SolutionProperties) = preSolution
		HideSolutionNode = FALSE
	EndGlobalSection
EndGlobal
